// !$*UTF8*$!
{
	archiveVersion = 1;
	classes = {
	};
	objectVersion = 48;
	objects = {

/* Begin PBXBuildFile section */
		7A03B40E2008BECB00D4FDD5 /* AppDelegate.m in Sources */ = {isa = PBXBuildFile; fileRef = 7A03B40D2008BECB00D4FDD5 /* AppDelegate.m */; };
		7A03B4112008BECB00D4FDD5 /* ViewController.m in Sources */ = {isa = PBXBuildFile; fileRef = 7A03B4102008BECB00D4FDD5 /* ViewController.m */; };
		7A03B4142008BECB00D4FDD5 /* Main.storyboard in Resources */ = {isa = PBXBuildFile; fileRef = 7A03B4122008BECB00D4FDD5 /* Main.storyboard */; };
		7A03B4162008BECB00D4FDD5 /* Assets.xcassets in Resources */ = {isa = PBXBuildFile; fileRef = 7A03B4152008BECB00D4FDD5 /* Assets.xcassets */; };
		7A03B4192008BECB00D4FDD5 /* LaunchScreen.storyboard in Resources */ = {isa = PBXBuildFile; fileRef = 7A03B4172008BECB00D4FDD5 /* LaunchScreen.storyboard */; };
		7A03B41C2008BECB00D4FDD5 /* main.m in Sources */ = {isa = PBXBuildFile; fileRef = 7A03B41B2008BECB00D4FDD5 /* main.m */; };
		7A03B4262008BECC00D4FDD5 /* PPSocketManagerTests.m in Sources */ = {isa = PBXBuildFile; fileRef = 7A03B4252008BECC00D4FDD5 /* PPSocketManagerTests.m */; };
		7A03B4312008BECC00D4FDD5 /* PPSocketManagerUITests.m in Sources */ = {isa = PBXBuildFile; fileRef = 7A03B4302008BECC00D4FDD5 /* PPSocketManagerUITests.m */; };
		7A03B4412008C01100D4FDD5 /* SocketManager.m in Sources */ = {isa = PBXBuildFile; fileRef = 7A03B4402008C01100D4FDD5 /* SocketManager.m */; };
		7ACFF458200A1A21004B952C /* DDXMLElement+Extension.m in Sources */ = {isa = PBXBuildFile; fileRef = 7ACFF457200A1A21004B952C /* DDXMLElement+Extension.m */; };
		7ACFF45C200A6C20004B952C /* MessageModel.m in Sources */ = {isa = PBXBuildFile; fileRef = 7ACFF45B200A6C20004B952C /* MessageModel.m */; };
		7ACFF45F200B1D50004B952C /* ViewController+HandleMessageIQ.m in Sources */ = {isa = PBXBuildFile; fileRef = 7ACFF45E200B1D50004B952C /* ViewController+HandleMessageIQ.m */; };
		7ACFF462200B3DE1004B952C /* ViewController+HandleMessage.m in Sources */ = {isa = PBXBuildFile; fileRef = 7ACFF461200B3DE1004B952C /* ViewController+HandleMessage.m */; };
		7ACFF465200B64C9004B952C /* ViewController+SendMessage.m in Sources */ = {isa = PBXBuildFile; fileRef = 7ACFF464200B64C9004B952C /* ViewController+SendMessage.m */; };
		B9CCB5717B66F6421F0A6CFD /* Pods_PPSocketManagerUITests.framework in Frameworks */ = {isa = PBXBuildFile; fileRef = 4076C3BF976F457345F4787A /* Pods_PPSocketManagerUITests.framework */; };
		C62C44D063F6B9C1F0C4FEC4 /* Pods_PPSocketManagerTests.framework in Frameworks */ = {isa = PBXBuildFile; fileRef = 85E92F16D85323EA65525FD3 /* Pods_PPSocketManagerTests.framework */; };
		E0899B5CEB1960C41ADD34FB /* Pods_PPSocketManager.framework in Frameworks */ = {isa = PBXBuildFile; fileRef = 9F02F095633DEFAAD0AD0288 /* Pods_PPSocketManager.framework */; };
/* End PBXBuildFile section */

/* Begin PBXContainerItemProxy section */
		7A03B4222008BECC00D4FDD5 /* PBXContainerItemProxy */ = {
			isa = PBXContainerItemProxy;
			containerPortal = 7A03B4012008BECB00D4FDD5 /* Project object */;
			proxyType = 1;
			remoteGlobalIDString = 7A03B4082008BECB00D4FDD5;
			remoteInfo = PPSocketManager;
		};
		7A03B42D2008BECC00D4FDD5 /* PBXContainerItemProxy */ = {
			isa = PBXContainerItemProxy;
			containerPortal = 7A03B4012008BECB00D4FDD5 /* Project object */;
			proxyType = 1;
			remoteGlobalIDString = 7A03B4082008BECB00D4FDD5;
			remoteInfo = PPSocketManager;
		};
/* End PBXContainerItemProxy section */

/* Begin PBXFileReference section */
		3053B91AFC8D378626FCE01F /* Pods-PPSocketManagerTests.debug.xcconfig */ = {isa = PBXFileReference; includeInIndex = 1; lastKnownFileType = text.xcconfig; name = "Pods-PPSocketManagerTests.debug.xcconfig"; path = "Pods/Target Support Files/Pods-PPSocketManagerTests/Pods-PPSocketManagerTests.debug.xcconfig"; sourceTree = "<group>"; };
		4076C3BF976F457345F4787A /* Pods_PPSocketManagerUITests.framework */ = {isa = PBXFileReference; explicitFileType = wrapper.framework; includeInIndex = 0; path = Pods_PPSocketManagerUITests.framework; sourceTree = BUILT_PRODUCTS_DIR; };
		653C7235D0D8A0585D8B4D2F /* Pods-PPSocketManagerUITests.debug.xcconfig */ = {isa = PBXFileReference; includeInIndex = 1; lastKnownFileType = text.xcconfig; name = "Pods-PPSocketManagerUITests.debug.xcconfig"; path = "Pods/Target Support Files/Pods-PPSocketManagerUITests/Pods-PPSocketManagerUITests.debug.xcconfig"; sourceTree = "<group>"; };
		7A03B4092008BECB00D4FDD5 /* PPSocketManager.app */ = {isa = PBXFileReference; explicitFileType = wrapper.application; includeInIndex = 0; path = PPSocketManager.app; sourceTree = BUILT_PRODUCTS_DIR; };
		7A03B40C2008BECB00D4FDD5 /* AppDelegate.h */ = {isa = PBXFileReference; lastKnownFileType = sourcecode.c.h; path = AppDelegate.h; sourceTree = "<group>"; };
		7A03B40D2008BECB00D4FDD5 /* AppDelegate.m */ = {isa = PBXFileReference; lastKnownFileType = sourcecode.c.objc; path = AppDelegate.m; sourceTree = "<group>"; };
		7A03B40F2008BECB00D4FDD5 /* ViewController.h */ = {isa = PBXFileReference; lastKnownFileType = sourcecode.c.h; path = ViewController.h; sourceTree = "<group>"; };
		7A03B4102008BECB00D4FDD5 /* ViewController.m */ = {isa = PBXFileReference; lastKnownFileType = sourcecode.c.objc; path = ViewController.m; sourceTree = "<group>"; };
		7A03B4132008BECB00D4FDD5 /* Base */ = {isa = PBXFileReference; lastKnownFileType = file.storyboard; name = Base; path = Base.lproj/Main.storyboard; sourceTree = "<group>"; };
		7A03B4152008BECB00D4FDD5 /* Assets.xcassets */ = {isa = PBXFileReference; lastKnownFileType = folder.assetcatalog; path = Assets.xcassets; sourceTree = "<group>"; };
		7A03B4182008BECB00D4FDD5 /* Base */ = {isa = PBXFileReference; lastKnownFileType = file.storyboard; name = Base; path = Base.lproj/LaunchScreen.storyboard; sourceTree = "<group>"; };
		7A03B41A2008BECB00D4FDD5 /* Info.plist */ = {isa = PBXFileReference; lastKnownFileType = text.plist.xml; path = Info.plist; sourceTree = "<group>"; };
		7A03B41B2008BECB00D4FDD5 /* main.m */ = {isa = PBXFileReference; lastKnownFileType = sourcecode.c.objc; path = main.m; sourceTree = "<group>"; };
		7A03B4212008BECC00D4FDD5 /* PPSocketManagerTests.xctest */ = {isa = PBXFileReference; explicitFileType = wrapper.cfbundle; includeInIndex = 0; path = PPSocketManagerTests.xctest; sourceTree = BUILT_PRODUCTS_DIR; };
		7A03B4252008BECC00D4FDD5 /* PPSocketManagerTests.m */ = {isa = PBXFileReference; lastKnownFileType = sourcecode.c.objc; path = PPSocketManagerTests.m; sourceTree = "<group>"; };
		7A03B4272008BECC00D4FDD5 /* Info.plist */ = {isa = PBXFileReference; lastKnownFileType = text.plist.xml; path = Info.plist; sourceTree = "<group>"; };
		7A03B42C2008BECC00D4FDD5 /* PPSocketManagerUITests.xctest */ = {isa = PBXFileReference; explicitFileType = wrapper.cfbundle; includeInIndex = 0; path = PPSocketManagerUITests.xctest; sourceTree = BUILT_PRODUCTS_DIR; };
		7A03B4302008BECC00D4FDD5 /* PPSocketManagerUITests.m */ = {isa = PBXFileReference; lastKnownFileType = sourcecode.c.objc; path = PPSocketManagerUITests.m; sourceTree = "<group>"; };
		7A03B4322008BECC00D4FDD5 /* Info.plist */ = {isa = PBXFileReference; lastKnownFileType = text.plist.xml; path = Info.plist; sourceTree = "<group>"; };
		7A03B43F2008C01100D4FDD5 /* SocketManager.h */ = {isa = PBXFileReference; lastKnownFileType = sourcecode.c.h; path = SocketManager.h; sourceTree = "<group>"; };
		7A03B4402008C01100D4FDD5 /* SocketManager.m */ = {isa = PBXFileReference; lastKnownFileType = sourcecode.c.objc; path = SocketManager.m; sourceTree = "<group>"; };
		7ACFF456200A1A21004B952C /* DDXMLElement+Extension.h */ = {isa = PBXFileReference; lastKnownFileType = sourcecode.c.h; path = "DDXMLElement+Extension.h"; sourceTree = "<group>"; };
		7ACFF457200A1A21004B952C /* DDXMLElement+Extension.m */ = {isa = PBXFileReference; lastKnownFileType = sourcecode.c.objc; path = "DDXMLElement+Extension.m"; sourceTree = "<group>"; };
		7ACFF45A200A6C20004B952C /* MessageModel.h */ = {isa = PBXFileReference; lastKnownFileType = sourcecode.c.h; path = MessageModel.h; sourceTree = "<group>"; };
		7ACFF45B200A6C20004B952C /* MessageModel.m */ = {isa = PBXFileReference; lastKnownFileType = sourcecode.c.objc; path = MessageModel.m; sourceTree = "<group>"; };
		7ACFF45D200B1D50004B952C /* ViewController+HandleMessageIQ.h */ = {isa = PBXFileReference; lastKnownFileType = sourcecode.c.h; path = "ViewController+HandleMessageIQ.h"; sourceTree = "<group>"; };
		7ACFF45E200B1D50004B952C /* ViewController+HandleMessageIQ.m */ = {isa = PBXFileReference; lastKnownFileType = sourcecode.c.objc; path = "ViewController+HandleMessageIQ.m"; sourceTree = "<group>"; };
		7ACFF460200B3DE1004B952C /* ViewController+HandleMessage.h */ = {isa = PBXFileReference; lastKnownFileType = sourcecode.c.h; path = "ViewController+HandleMessage.h"; sourceTree = "<group>"; };
		7ACFF461200B3DE1004B952C /* ViewController+HandleMessage.m */ = {isa = PBXFileReference; lastKnownFileType = sourcecode.c.objc; path = "ViewController+HandleMessage.m"; sourceTree = "<group>"; };
		7ACFF463200B64C9004B952C /* ViewController+SendMessage.h */ = {isa = PBXFileReference; lastKnownFileType = sourcecode.c.h; path = "ViewController+SendMessage.h"; sourceTree = "<group>"; };
		7ACFF464200B64C9004B952C /* ViewController+SendMessage.m */ = {isa = PBXFileReference; lastKnownFileType = sourcecode.c.objc; path = "ViewController+SendMessage.m"; sourceTree = "<group>"; };
		85E92F16D85323EA65525FD3 /* Pods_PPSocketManagerTests.framework */ = {isa = PBXFileReference; explicitFileType = wrapper.framework; includeInIndex = 0; path = Pods_PPSocketManagerTests.framework; sourceTree = BUILT_PRODUCTS_DIR; };
		977E0D07116CA23BBA91E272 /* Pods-PPSocketManagerTests.release.xcconfig */ = {isa = PBXFileReference; includeInIndex = 1; lastKnownFileType = text.xcconfig; name = "Pods-PPSocketManagerTests.release.xcconfig"; path = "Pods/Target Support Files/Pods-PPSocketManagerTests/Pods-PPSocketManagerTests.release.xcconfig"; sourceTree = "<group>"; };
		9C7751F50C530444DAEDAE48 /* Pods-PPSocketManagerUITests.release.xcconfig */ = {isa = PBXFileReference; includeInIndex = 1; lastKnownFileType = text.xcconfig; name = "Pods-PPSocketManagerUITests.release.xcconfig"; path = "Pods/Target Support Files/Pods-PPSocketManagerUITests/Pods-PPSocketManagerUITests.release.xcconfig"; sourceTree = "<group>"; };
		9F02F095633DEFAAD0AD0288 /* Pods_PPSocketManager.framework */ = {isa = PBXFileReference; explicitFileType = wrapper.framework; includeInIndex = 0; path = Pods_PPSocketManager.framework; sourceTree = BUILT_PRODUCTS_DIR; };
		AA73F5DCCB54E7BEDE106E1F /* Pods-PPSocketManager.debug.xcconfig */ = {isa = PBXFileReference; includeInIndex = 1; lastKnownFileType = text.xcconfig; name = "Pods-PPSocketManager.debug.xcconfig"; path = "Pods/Target Support Files/Pods-PPSocketManager/Pods-PPSocketManager.debug.xcconfig"; sourceTree = "<group>"; };
		C0F233E0D76A6A617200590E /* Pods-PPSocketManager.release.xcconfig */ = {isa = PBXFileReference; includeInIndex = 1; lastKnownFileType = text.xcconfig; name = "Pods-PPSocketManager.release.xcconfig"; path = "Pods/Target Support Files/Pods-PPSocketManager/Pods-PPSocketManager.release.xcconfig"; sourceTree = "<group>"; };
/* End PBXFileReference section */

/* Begin PBXFrameworksBuildPhase section */
		7A03B4062008BECB00D4FDD5 /* Frameworks */ = {
			isa = PBXFrameworksBuildPhase;
			buildActionMask = 2147483647;
			files = (
				E0899B5CEB1960C41ADD34FB /* Pods_PPSocketManager.framework in Frameworks */,
			);
			runOnlyForDeploymentPostprocessing = 0;
		};
		7A03B41E2008BECC00D4FDD5 /* Frameworks */ = {
			isa = PBXFrameworksBuildPhase;
			buildActionMask = 2147483647;
			files = (
				C62C44D063F6B9C1F0C4FEC4 /* Pods_PPSocketManagerTests.framework in Frameworks */,
			);
			runOnlyForDeploymentPostprocessing = 0;
		};
		7A03B4292008BECC00D4FDD5 /* Frameworks */ = {
			isa = PBXFrameworksBuildPhase;
			buildActionMask = 2147483647;
			files = (
				B9CCB5717B66F6421F0A6CFD /* Pods_PPSocketManagerUITests.framework in Frameworks */,
			);
			runOnlyForDeploymentPostprocessing = 0;
		};
/* End PBXFrameworksBuildPhase section */

/* Begin PBXGroup section */
		2F1A7675F4EDBE4E1BCFDB12 /* Frameworks */ = {
			isa = PBXGroup;
			children = (
				9F02F095633DEFAAD0AD0288 /* Pods_PPSocketManager.framework */,
				85E92F16D85323EA65525FD3 /* Pods_PPSocketManagerTests.framework */,
				4076C3BF976F457345F4787A /* Pods_PPSocketManagerUITests.framework */,
			);
			name = Frameworks;
			sourceTree = "<group>";
		};
		7A03B4002008BECB00D4FDD5 = {
			isa = PBXGroup;
			children = (
				7A03B40B2008BECB00D4FDD5 /* PPSocketManager */,
				7A03B4242008BECC00D4FDD5 /* PPSocketManagerTests */,
				7A03B42F2008BECC00D4FDD5 /* PPSocketManagerUITests */,
				7A03B40A2008BECB00D4FDD5 /* Products */,
				CD9011665383B62E96F0CEF6 /* Pods */,
				2F1A7675F4EDBE4E1BCFDB12 /* Frameworks */,
			);
			sourceTree = "<group>";
		};
		7A03B40A2008BECB00D4FDD5 /* Products */ = {
			isa = PBXGroup;
			children = (
				7A03B4092008BECB00D4FDD5 /* PPSocketManager.app */,
				7A03B4212008BECC00D4FDD5 /* PPSocketManagerTests.xctest */,
				7A03B42C2008BECC00D4FDD5 /* PPSocketManagerUITests.xctest */,
			);
			name = Products;
			sourceTree = "<group>";
		};
		7A03B40B2008BECB00D4FDD5 /* PPSocketManager */ = {
			isa = PBXGroup;
			children = (
				7ACFF459200A6C08004B952C /* Model */,
				7ACFF455200A19E5004B952C /* Tools */,
				7A03B43E2008BFEB00D4FDD5 /* SocketManager */,
				7A03B40C2008BECB00D4FDD5 /* AppDelegate.h */,
				7A03B40D2008BECB00D4FDD5 /* AppDelegate.m */,
				7A03B40F2008BECB00D4FDD5 /* ViewController.h */,
				7A03B4102008BECB00D4FDD5 /* ViewController.m */,
				7ACFF463200B64C9004B952C /* ViewController+SendMessage.h */,
				7ACFF464200B64C9004B952C /* ViewController+SendMessage.m */,
				7ACFF460200B3DE1004B952C /* ViewController+HandleMessage.h */,
				7ACFF461200B3DE1004B952C /* ViewController+HandleMessage.m */,
				7ACFF45D200B1D50004B952C /* ViewController+HandleMessageIQ.h */,
				7ACFF45E200B1D50004B952C /* ViewController+HandleMessageIQ.m */,
				7A03B4122008BECB00D4FDD5 /* Main.storyboard */,
				7A03B4152008BECB00D4FDD5 /* Assets.xcassets */,
				7A03B4172008BECB00D4FDD5 /* LaunchScreen.storyboard */,
				7A03B41A2008BECB00D4FDD5 /* Info.plist */,
				7A03B41B2008BECB00D4FDD5 /* main.m */,
			);
			path = PPSocketManager;
			sourceTree = "<group>";
		};
		7A03B4242008BECC00D4FDD5 /* PPSocketManagerTests */ = {
			isa = PBXGroup;
			children = (
				7A03B4252008BECC00D4FDD5 /* PPSocketManagerTests.m */,
				7A03B4272008BECC00D4FDD5 /* Info.plist */,
			);
			path = PPSocketManagerTests;
			sourceTree = "<group>";
		};
		7A03B42F2008BECC00D4FDD5 /* PPSocketManagerUITests */ = {
			isa = PBXGroup;
			children = (
				7A03B4302008BECC00D4FDD5 /* PPSocketManagerUITests.m */,
				7A03B4322008BECC00D4FDD5 /* Info.plist */,
			);
			path = PPSocketManagerUITests;
			sourceTree = "<group>";
		};
		7A03B43E2008BFEB00D4FDD5 /* SocketManager */ = {
			isa = PBXGroup;
			children = (
				7A03B43F2008C01100D4FDD5 /* SocketManager.h */,
				7A03B4402008C01100D4FDD5 /* SocketManager.m */,
			);
			path = SocketManager;
			sourceTree = "<group>";
		};
		7ACFF455200A19E5004B952C /* Tools */ = {
			isa = PBXGroup;
			children = (
				7ACFF456200A1A21004B952C /* DDXMLElement+Extension.h */,
				7ACFF457200A1A21004B952C /* DDXMLElement+Extension.m */,
			);
			path = Tools;
			sourceTree = "<group>";
		};
		7ACFF459200A6C08004B952C /* Model */ = {
			isa = PBXGroup;
			children = (
				7ACFF45A200A6C20004B952C /* MessageModel.h */,
				7ACFF45B200A6C20004B952C /* MessageModel.m */,
			);
			path = Model;
			sourceTree = "<group>";
		};
		CD9011665383B62E96F0CEF6 /* Pods */ = {
			isa = PBXGroup;
			children = (
				AA73F5DCCB54E7BEDE106E1F /* Pods-PPSocketManager.debug.xcconfig */,
				C0F233E0D76A6A617200590E /* Pods-PPSocketManager.release.xcconfig */,
				3053B91AFC8D378626FCE01F /* Pods-PPSocketManagerTests.debug.xcconfig */,
				977E0D07116CA23BBA91E272 /* Pods-PPSocketManagerTests.release.xcconfig */,
				653C7235D0D8A0585D8B4D2F /* Pods-PPSocketManagerUITests.debug.xcconfig */,
				9C7751F50C530444DAEDAE48 /* Pods-PPSocketManagerUITests.release.xcconfig */,
			);
			name = Pods;
			sourceTree = "<group>";
		};
/* End PBXGroup section */

/* Begin PBXNativeTarget section */
		7A03B4082008BECB00D4FDD5 /* PPSocketManager */ = {
			isa = PBXNativeTarget;
			buildConfigurationList = 7A03B4352008BECC00D4FDD5 /* Build configuration list for PBXNativeTarget "PPSocketManager" */;
			buildPhases = (
				C257871037CB806AD808FCE7 /* [CP] Check Pods Manifest.lock */,
				7A03B4052008BECB00D4FDD5 /* Sources */,
				7A03B4062008BECB00D4FDD5 /* Frameworks */,
				7A03B4072008BECB00D4FDD5 /* Resources */,
				0F3453D77669A0892056B36E /* [CP] Embed Pods Frameworks */,
				E107FA9C1743629827C24EF4 /* [CP] Copy Pods Resources */,
			);
			buildRules = (
			);
			dependencies = (
			);
			name = PPSocketManager;
			productName = PPSocketManager;
			productReference = 7A03B4092008BECB00D4FDD5 /* PPSocketManager.app */;
			productType = "com.apple.product-type.application";
		};
		7A03B4202008BECC00D4FDD5 /* PPSocketManagerTests */ = {
			isa = PBXNativeTarget;
			buildConfigurationList = 7A03B4382008BECC00D4FDD5 /* Build configuration list for PBXNativeTarget "PPSocketManagerTests" */;
			buildPhases = (
				D6F944263A1BE787E26172FA /* [CP] Check Pods Manifest.lock */,
				7A03B41D2008BECC00D4FDD5 /* Sources */,
				7A03B41E2008BECC00D4FDD5 /* Frameworks */,
				7A03B41F2008BECC00D4FDD5 /* Resources */,
				86A8BD7FC16874F2B7CDCA39 /* [CP] Embed Pods Frameworks */,
				946ABB2C67C606C0C381C590 /* [CP] Copy Pods Resources */,
			);
			buildRules = (
			);
			dependencies = (
				7A03B4232008BECC00D4FDD5 /* PBXTargetDependency */,
			);
			name = PPSocketManagerTests;
			productName = PPSocketManagerTests;
			productReference = 7A03B4212008BECC00D4FDD5 /* PPSocketManagerTests.xctest */;
			productType = "com.apple.product-type.bundle.unit-test";
		};
		7A03B42B2008BECC00D4FDD5 /* PPSocketManagerUITests */ = {
			isa = PBXNativeTarget;
			buildConfigurationList = 7A03B43B2008BECC00D4FDD5 /* Build configuration list for PBXNativeTarget "PPSocketManagerUITests" */;
			buildPhases = (
				7578C75E70D0BD6AD44C9657 /* [CP] Check Pods Manifest.lock */,
				7A03B4282008BECC00D4FDD5 /* Sources */,
				7A03B4292008BECC00D4FDD5 /* Frameworks */,
				7A03B42A2008BECC00D4FDD5 /* Resources */,
				73C74F8B2E13926934A3FFB9 /* [CP] Embed Pods Frameworks */,
				8A121036D7045574504A8D67 /* [CP] Copy Pods Resources */,
			);
			buildRules = (
			);
			dependencies = (
				7A03B42E2008BECC00D4FDD5 /* PBXTargetDependency */,
			);
			name = PPSocketManagerUITests;
			productName = PPSocketManagerUITests;
			productReference = 7A03B42C2008BECC00D4FDD5 /* PPSocketManagerUITests.xctest */;
			productType = "com.apple.product-type.bundle.ui-testing";
		};
/* End PBXNativeTarget section */

/* Begin PBXProject section */
		7A03B4012008BECB00D4FDD5 /* Project object */ = {
			isa = PBXProject;
			attributes = {
				LastUpgradeCheck = 0920;
				ORGANIZATIONNAME = HongpengYu;
				TargetAttributes = {
					7A03B4082008BECB00D4FDD5 = {
						CreatedOnToolsVersion = 9.2;
						ProvisioningStyle = Automatic;
					};
					7A03B4202008BECC00D4FDD5 = {
						CreatedOnToolsVersion = 9.2;
						ProvisioningStyle = Automatic;
						TestTargetID = 7A03B4082008BECB00D4FDD5;
					};
					7A03B42B2008BECC00D4FDD5 = {
						CreatedOnToolsVersion = 9.2;
						ProvisioningStyle = Automatic;
						TestTargetID = 7A03B4082008BECB00D4FDD5;
					};
				};
			};
			buildConfigurationList = 7A03B4042008BECB00D4FDD5 /* Build configuration list for PBXProject "PPSocketManager" */;
			compatibilityVersion = "Xcode 8.0";
			developmentRegion = en;
			hasScannedForEncodings = 0;
			knownRegions = (
				en,
				Base,
			);
			mainGroup = 7A03B4002008BECB00D4FDD5;
			productRefGroup = 7A03B40A2008BECB00D4FDD5 /* Products */;
			projectDirPath = "";
			projectRoot = "";
			targets = (
				7A03B4082008BECB00D4FDD5 /* PPSocketManager */,
				7A03B4202008BECC00D4FDD5 /* PPSocketManagerTests */,
				7A03B42B2008BECC00D4FDD5 /* PPSocketManagerUITests */,
			);
		};
/* End PBXProject section */

/* Begin PBXResourcesBuildPhase section */
		7A03B4072008BECB00D4FDD5 /* Resources */ = {
			isa = PBXResourcesBuildPhase;
			buildActionMask = 2147483647;
			files = (
				7A03B4192008BECB00D4FDD5 /* LaunchScreen.storyboard in Resources */,
				7A03B4162008BECB00D4FDD5 /* Assets.xcassets in Resources */,
				7A03B4142008BECB00D4FDD5 /* Main.storyboard in Resources */,
			);
			runOnlyForDeploymentPostprocessing = 0;
		};
		7A03B41F2008BECC00D4FDD5 /* Resources */ = {
			isa = PBXResourcesBuildPhase;
			buildActionMask = 2147483647;
			files = (
			);
			runOnlyForDeploymentPostprocessing = 0;
		};
		7A03B42A2008BECC00D4FDD5 /* Resources */ = {
			isa = PBXResourcesBuildPhase;
			buildActionMask = 2147483647;
			files = (
			);
			runOnlyForDeploymentPostprocessing = 0;
		};
/* End PBXResourcesBuildPhase section */

/* Begin PBXShellScriptBuildPhase section */
		0F3453D77669A0892056B36E /* [CP] Embed Pods Frameworks */ = {
			isa = PBXShellScriptBuildPhase;
			buildActionMask = 2147483647;
			files = (
			);
			inputPaths = (
				"${SRCROOT}/Pods/Target Support Files/Pods-PPSocketManager/Pods-PPSocketManager-frameworks.sh",
				"${BUILT_PRODUCTS_DIR}/CocoaAsyncSocket/CocoaAsyncSocket.framework",
				"${BUILT_PRODUCTS_DIR}/KissXML/KissXML.framework",
			);
			name = "[CP] Embed Pods Frameworks";
			outputPaths = (
				"${TARGET_BUILD_DIR}/${FRAMEWORKS_FOLDER_PATH}/CocoaAsyncSocket.framework",
				"${TARGET_BUILD_DIR}/${FRAMEWORKS_FOLDER_PATH}/KissXML.framework",
			);
			runOnlyForDeploymentPostprocessing = 0;
			shellPath = /bin/sh;
			shellScript = "\"${SRCROOT}/Pods/Target Support Files/Pods-PPSocketManager/Pods-PPSocketManager-frameworks.sh\"\n";
			showEnvVarsInLog = 0;
		};
		73C74F8B2E13926934A3FFB9 /* [CP] Embed Pods Frameworks */ = {
			isa = PBXShellScriptBuildPhase;
			buildActionMask = 2147483647;
			files = (
			);
			inputPaths = (
			);
			name = "[CP] Embed Pods Frameworks";
			outputPaths = (
			);
			runOnlyForDeploymentPostprocessing = 0;
			shellPath = /bin/sh;
			shellScript = "\"${SRCROOT}/Pods/Target Support Files/Pods-PPSocketManagerUITests/Pods-PPSocketManagerUITests-frameworks.sh\"\n";
			showEnvVarsInLog = 0;
		};
		7578C75E70D0BD6AD44C9657 /* [CP] Check Pods Manifest.lock */ = {
			isa = PBXShellScriptBuildPhase;
			buildActionMask = 2147483647;
			files = (
			);
			inputPaths = (
				"${PODS_PODFILE_DIR_PATH}/Podfile.lock",
				"${PODS_ROOT}/Manifest.lock",
			);
			name = "[CP] Check Pods Manifest.lock";
			outputPaths = (
				"$(DERIVED_FILE_DIR)/Pods-PPSocketManagerUITests-checkManifestLockResult.txt",
			);
			runOnlyForDeploymentPostprocessing = 0;
			shellPath = /bin/sh;
			shellScript = "diff \"${PODS_PODFILE_DIR_PATH}/Podfile.lock\" \"${PODS_ROOT}/Manifest.lock\" > /dev/null\nif [ $? != 0 ] ; then\n    # print error to STDERR\n    echo \"error: The sandbox is not in sync with the Podfile.lock. Run 'pod install' or update your CocoaPods installation.\" >&2\n    exit 1\nfi\n# This output is used by Xcode 'outputs' to avoid re-running this script phase.\necho \"SUCCESS\" > \"${SCRIPT_OUTPUT_FILE_0}\"\n";
			showEnvVarsInLog = 0;
		};
		86A8BD7FC16874F2B7CDCA39 /* [CP] Embed Pods Frameworks */ = {
			isa = PBXShellScriptBuildPhase;
			buildActionMask = 2147483647;
			files = (
			);
			inputPaths = (
			);
			name = "[CP] Embed Pods Frameworks";
			outputPaths = (
			);
			runOnlyForDeploymentPostprocessing = 0;
			shellPath = /bin/sh;
			shellScript = "\"${SRCROOT}/Pods/Target Support Files/Pods-PPSocketManagerTests/Pods-PPSocketManagerTests-frameworks.sh\"\n";
			showEnvVarsInLog = 0;
		};
		8A121036D7045574504A8D67 /* [CP] Copy Pods Resources */ = {
			isa = PBXShellScriptBuildPhase;
			buildActionMask = 2147483647;
			files = (
			);
			inputPaths = (
			);
			name = "[CP] Copy Pods Resources";
			outputPaths = (
			);
			runOnlyForDeploymentPostprocessing = 0;
			shellPath = /bin/sh;
			shellScript = "\"${SRCROOT}/Pods/Target Support Files/Pods-PPSocketManagerUITests/Pods-PPSocketManagerUITests-resources.sh\"\n";
			showEnvVarsInLog = 0;
		};
		946ABB2C67C606C0C381C590 /* [CP] Copy Pods Resources */ = {
			isa = PBXShellScriptBuildPhase;
			buildActionMask = 2147483647;
			files = (
			);
			inputPaths = (
			);
			name = "[CP] Copy Pods Resources";
			outputPaths = (
			);
			runOnlyForDeploymentPostprocessing = 0;
			shellPath = /bin/sh;
			shellScript = "\"${SRCROOT}/Pods/Target Support Files/Pods-PPSocketManagerTests/Pods-PPSocketManagerTests-resources.sh\"\n";
			showEnvVarsInLog = 0;
		};
		C257871037CB806AD808FCE7 /* [CP] Check Pods Manifest.lock */ = {
			isa = PBXShellScriptBuildPhase;
			buildActionMask = 2147483647;
			files = (
			);
			inputPaths = (
				"${PODS_PODFILE_DIR_PATH}/Podfile.lock",
				"${PODS_ROOT}/Manifest.lock",
			);
			name = "[CP] Check Pods Manifest.lock";
			outputPaths = (
				"$(DERIVED_FILE_DIR)/Pods-PPSocketManager-checkManifestLockResult.txt",
			);
			runOnlyForDeploymentPostprocessing = 0;
			shellPath = /bin/sh;
			shellScript = "diff \"${PODS_PODFILE_DIR_PATH}/Podfile.lock\" \"${PODS_ROOT}/Manifest.lock\" > /dev/null\nif [ $? != 0 ] ; then\n    # print error to STDERR\n    echo \"error: The sandbox is not in sync with the Podfile.lock. Run 'pod install' or update your CocoaPods installation.\" >&2\n    exit 1\nfi\n# This output is used by Xcode 'outputs' to avoid re-running this script phase.\necho \"SUCCESS\" > \"${SCRIPT_OUTPUT_FILE_0}\"\n";
			showEnvVarsInLog = 0;
		};
		D6F944263A1BE787E26172FA /* [CP] Check Pods Manifest.lock */ = {
			isa = PBXShellScriptBuildPhase;
			buildActionMask = 2147483647;
			files = (
			);
			inputPaths = (
				"${PODS_PODFILE_DIR_PATH}/Podfile.lock",
				"${PODS_ROOT}/Manifest.lock",
			);
			name = "[CP] Check Pods Manifest.lock";
			outputPaths = (
				"$(DERIVED_FILE_DIR)/Pods-PPSocketManagerTests-checkManifestLockResult.txt",
			);
			runOnlyForDeploymentPostprocessing = 0;
			shellPath = /bin/sh;
			shellScript = "diff \"${PODS_PODFILE_DIR_PATH}/Podfile.lock\" \"${PODS_ROOT}/Manifest.lock\" > /dev/null\nif [ $? != 0 ] ; then\n    # print error to STDERR\n    echo \"error: The sandbox is not in sync with the Podfile.lock. Run 'pod install' or update your CocoaPods installation.\" >&2\n    exit 1\nfi\n# This output is used by Xcode 'outputs' to avoid re-running this script phase.\necho \"SUCCESS\" > \"${SCRIPT_OUTPUT_FILE_0}\"\n";
			showEnvVarsInLog = 0;
		};
		E107FA9C1743629827C24EF4 /* [CP] Copy Pods Resources */ = {
			isa = PBXShellScriptBuildPhase;
			buildActionMask = 2147483647;
			files = (
			);
			inputPaths = (
			);
			name = "[CP] Copy Pods Resources";
			outputPaths = (
			);
			runOnlyForDeploymentPostprocessing = 0;
			shellPath = /bin/sh;
			shellScript = "\"${SRCROOT}/Pods/Target Support Files/Pods-PPSocketManager/Pods-PPSocketManager-resources.sh\"\n";
			showEnvVarsInLog = 0;
		};
/* End PBXShellScriptBuildPhase section */

/* Begin PBXSourcesBuildPhase section */
		7A03B4052008BECB00D4FDD5 /* Sources */ = {
			isa = PBXSourcesBuildPhase;
			buildActionMask = 2147483647;
			files = (
				7A03B4112008BECB00D4FDD5 /* ViewController.m in Sources */,
				7A03B41C2008BECB00D4FDD5 /* main.m in Sources */,
				7A03B4412008C01100D4FDD5 /* SocketManager.m in Sources */,
				7ACFF458200A1A21004B952C /* DDXMLElement+Extension.m in Sources */,
				7ACFF465200B64C9004B952C /* ViewController+SendMessage.m in Sources */,
				7ACFF462200B3DE1004B952C /* ViewController+HandleMessage.m in Sources */,
				7A03B40E2008BECB00D4FDD5 /* AppDelegate.m in Sources */,
				7ACFF45C200A6C20004B952C /* MessageModel.m in Sources */,
				7ACFF45F200B1D50004B952C /* ViewController+HandleMessageIQ.m in Sources */,
			);
			runOnlyForDeploymentPostprocessing = 0;
		};
		7A03B41D2008BECC00D4FDD5 /* Sources */ = {
			isa = PBXSourcesBuildPhase;
			buildActionMask = 2147483647;
			files = (
				7A03B4262008BECC00D4FDD5 /* PPSocketManagerTests.m in Sources */,
			);
			runOnlyForDeploymentPostprocessing = 0;
		};
		7A03B4282008BECC00D4FDD5 /* Sources */ = {
			isa = PBXSourcesBuildPhase;
			buildActionMask = 2147483647;
			files = (
				7A03B4312008BECC00D4FDD5 /* PPSocketManagerUITests.m in Sources */,
			);
			runOnlyForDeploymentPostprocessing = 0;
		};
/* End PBXSourcesBuildPhase section */

/* Begin PBXTargetDependency section */
		7A03B4232008BECC00D4FDD5 /* PBXTargetDependency */ = {
			isa = PBXTargetDependency;
			target = 7A03B4082008BECB00D4FDD5 /* PPSocketManager */;
			targetProxy = 7A03B4222008BECC00D4FDD5 /* PBXContainerItemProxy */;
		};
		7A03B42E2008BECC00D4FDD5 /* PBXTargetDependency */ = {
			isa = PBXTargetDependency;
			target = 7A03B4082008BECB00D4FDD5 /* PPSocketManager */;
			targetProxy = 7A03B42D2008BECC00D4FDD5 /* PBXContainerItemProxy */;
		};
/* End PBXTargetDependency section */

/* Begin PBXVariantGroup section */
		7A03B4122008BECB00D4FDD5 /* Main.storyboard */ = {
			isa = PBXVariantGroup;
			children = (
				7A03B4132008BECB00D4FDD5 /* Base */,
			);
			name = Main.storyboard;
			sourceTree = "<group>";
		};
		7A03B4172008BECB00D4FDD5 /* LaunchScreen.storyboard */ = {
			isa = PBXVariantGroup;
			children = (
				7A03B4182008BECB00D4FDD5 /* Base */,
			);
			name = LaunchScreen.storyboard;
			sourceTree = "<group>";
		};
/* End PBXVariantGroup section */

/* Begin XCBuildConfiguration section */
		7A03B4332008BECC00D4FDD5 /* Debug */ = {
			isa = XCBuildConfiguration;
			buildSettings = {
				ALWAYS_SEARCH_USER_PATHS = NO;
				CLANG_ANALYZER_NONNULL = YES;
				CLANG_ANALYZER_NUMBER_OBJECT_CONVERSION = YES_AGGRESSIVE;
				CLANG_CXX_LANGUAGE_STANDARD = "gnu++14";
				CLANG_CXX_LIBRARY = "libc++";
				CLANG_ENABLE_MODULES = YES;
				CLANG_ENABLE_OBJC_ARC = YES;
				CLANG_WARN_BLOCK_CAPTURE_AUTORELEASING = YES;
				CLANG_WARN_BOOL_CONVERSION = YES;
				CLANG_WARN_COMMA = YES;
				CLANG_WARN_CONSTANT_CONVERSION = YES;
				CLANG_WARN_DIRECT_OBJC_ISA_USAGE = YES_ERROR;
				CLANG_WARN_DOCUMENTATION_COMMENTS = YES;
				CLANG_WARN_EMPTY_BODY = YES;
				CLANG_WARN_ENUM_CONVERSION = YES;
				CLANG_WARN_INFINITE_RECURSION = YES;
				CLANG_WARN_INT_CONVERSION = YES;
				CLANG_WARN_NON_LITERAL_NULL_CONVERSION = YES;
				CLANG_WARN_OBJC_LITERAL_CONVERSION = YES;
				CLANG_WARN_OBJC_ROOT_CLASS = YES_ERROR;
				CLANG_WARN_RANGE_LOOP_ANALYSIS = YES;
				CLANG_WARN_STRICT_PROTOTYPES = YES;
				CLANG_WARN_SUSPICIOUS_MOVE = YES;
				CLANG_WARN_UNGUARDED_AVAILABILITY = YES_AGGRESSIVE;
				CLANG_WARN_UNREACHABLE_CODE = YES;
				CLANG_WARN__DUPLICATE_METHOD_MATCH = YES;
				CODE_SIGN_IDENTITY = "iPhone Developer";
				COPY_PHASE_STRIP = NO;
				DEBUG_INFORMATION_FORMAT = dwarf;
				ENABLE_STRICT_OBJC_MSGSEND = YES;
				ENABLE_TESTABILITY = YES;
				GCC_C_LANGUAGE_STANDARD = gnu11;
				GCC_DYNAMIC_NO_PIC = NO;
				GCC_NO_COMMON_BLOCKS = YES;
				GCC_OPTIMIZATION_LEVEL = 0;
				GCC_PREPROCESSOR_DEFINITIONS = (
					"DEBUG=1",
					"$(inherited)",
				);
				GCC_WARN_64_TO_32_BIT_CONVERSION = YES;
				GCC_WARN_ABOUT_RETURN_TYPE = YES_ERROR;
				GCC_WARN_UNDECLARED_SELECTOR = YES;
				GCC_WARN_UNINITIALIZED_AUTOS = YES_AGGRESSIVE;
				GCC_WARN_UNUSED_FUNCTION = YES;
				GCC_WARN_UNUSED_VARIABLE = YES;
				IPHONEOS_DEPLOYMENT_TARGET = 11.2;
				MTL_ENABLE_DEBUG_INFO = YES;
				ONLY_ACTIVE_ARCH = YES;
				SDKROOT = iphoneos;
			};
			name = Debug;
		};
		7A03B4342008BECC00D4FDD5 /* Release */ = {
			isa = XCBuildConfiguration;
			buildSettings = {
				ALWAYS_SEARCH_USER_PATHS = NO;
				CLANG_ANALYZER_NONNULL = YES;
				CLANG_ANALYZER_NUMBER_OBJECT_CONVERSION = YES_AGGRESSIVE;
				CLANG_CXX_LANGUAGE_STANDARD = "gnu++14";
				CLANG_CXX_LIBRARY = "libc++";
				CLANG_ENABLE_MODULES = YES;
				CLANG_ENABLE_OBJC_ARC = YES;
				CLANG_WARN_BLOCK_CAPTURE_AUTORELEASING = YES;
				CLANG_WARN_BOOL_CONVERSION = YES;
				CLANG_WARN_COMMA = YES;
				CLANG_WARN_CONSTANT_CONVERSION = YES;
				CLANG_WARN_DIRECT_OBJC_ISA_USAGE = YES_ERROR;
				CLANG_WARN_DOCUMENTATION_COMMENTS = YES;
				CLANG_WARN_EMPTY_BODY = YES;
				CLANG_WARN_ENUM_CONVERSION = YES;
				CLANG_WARN_INFINITE_RECURSION = YES;
				CLANG_WARN_INT_CONVERSION = YES;
				CLANG_WARN_NON_LITERAL_NULL_CONVERSION = YES;
				CLANG_WARN_OBJC_LITERAL_CONVERSION = YES;
				CLANG_WARN_OBJC_ROOT_CLASS = YES_ERROR;
				CLANG_WARN_RANGE_LOOP_ANALYSIS = YES;
				CLANG_WARN_STRICT_PROTOTYPES = YES;
				CLANG_WARN_SUSPICIOUS_MOVE = YES;
				CLANG_WARN_UNGUARDED_AVAILABILITY = YES_AGGRESSIVE;
				CLANG_WARN_UNREACHABLE_CODE = YES;
				CLANG_WARN__DUPLICATE_METHOD_MATCH = YES;
				CODE_SIGN_IDENTITY = "iPhone Developer";
				COPY_PHASE_STRIP = NO;
				DEBUG_INFORMATION_FORMAT = "dwarf-with-dsym";
				ENABLE_NS_ASSERTIONS = NO;
				ENABLE_STRICT_OBJC_MSGSEND = YES;
				GCC_C_LANGUAGE_STANDARD = gnu11;
				GCC_NO_COMMON_BLOCKS = YES;
				GCC_WARN_64_TO_32_BIT_CONVERSION = YES;
				GCC_WARN_ABOUT_RETURN_TYPE = YES_ERROR;
				GCC_WARN_UNDECLARED_SELECTOR = YES;
				GCC_WARN_UNINITIALIZED_AUTOS = YES_AGGRESSIVE;
				GCC_WARN_UNUSED_FUNCTION = YES;
				GCC_WARN_UNUSED_VARIABLE = YES;
				IPHONEOS_DEPLOYMENT_TARGET = 11.2;
				MTL_ENABLE_DEBUG_INFO = NO;
				SDKROOT = iphoneos;
				VALIDATE_PRODUCT = YES;
			};
			name = Release;
		};
		7A03B4362008BECC00D4FDD5 /* Debug */ = {
			isa = XCBuildConfiguration;
			baseConfigurationReference = AA73F5DCCB54E7BEDE106E1F /* Pods-PPSocketManager.debug.xcconfig */;
			buildSettings = {
				ASSETCATALOG_COMPILER_APPICON_NAME = AppIcon;
				CODE_SIGN_STYLE = Automatic;
				DEVELOPMENT_TEAM = UP23SS576K;
				INFOPLIST_FILE = PPSocketManager/Info.plist;
				LD_RUNPATH_SEARCH_PATHS = "$(inherited) @executable_path/Frameworks";
				PRODUCT_BUNDLE_IDENTIFIER = HongpengYu.com.PPSocketManager;
				PRODUCT_NAME = "$(TARGET_NAME)";
				TARGETED_DEVICE_FAMILY = "1,2";
			};
			name = Debug;
		};
		7A03B4372008BECC00D4FDD5 /* Release */ = {
			isa = XCBuildConfiguration;
			baseConfigurationReference = C0F233E0D76A6A617200590E /* Pods-PPSocketManager.release.xcconfig */;
			buildSettings = {
				ASSETCATALOG_COMPILER_APPICON_NAME = AppIcon;
				CODE_SIGN_STYLE = Automatic;
				DEVELOPMENT_TEAM = UP23SS576K;
				INFOPLIST_FILE = PPSocketManager/Info.plist;
				LD_RUNPATH_SEARCH_PATHS = "$(inherited) @executable_path/Frameworks";
				PRODUCT_BUNDLE_IDENTIFIER = HongpengYu.com.PPSocketManager;
				PRODUCT_NAME = "$(TARGET_NAME)";
				TARGETED_DEVICE_FAMILY = "1,2";
			};
			name = Release;
		};
		7A03B4392008BECC00D4FDD5 /* Debug */ = {
			isa = XCBuildConfiguration;
			baseConfigurationReference = 3053B91AFC8D378626FCE01F /* Pods-PPSocketManagerTests.debug.xcconfig */;
			buildSettings = {
				BUNDLE_LOADER = "$(TEST_HOST)";
				CODE_SIGN_STYLE = Automatic;
				DEVELOPMENT_TEAM = UP23SS576K;
				INFOPLIST_FILE = PPSocketManagerTests/Info.plist;
				LD_RUNPATH_SEARCH_PATHS = "$(inherited) @executable_path/Frameworks @loader_path/Frameworks";
				PRODUCT_BUNDLE_IDENTIFIER = HongpengYu.com.PPSocketManagerTests;
				PRODUCT_NAME = "$(TARGET_NAME)";
				TARGETED_DEVICE_FAMILY = "1,2";
				TEST_HOST = "$(BUILT_PRODUCTS_DIR)/PPSocketManager.app/PPSocketManager";
			};
			name = Debug;
		};
		7A03B43A2008BECC00D4FDD5 /* Release */ = {
			isa = XCBuildConfiguration;
			baseConfigurationReference = 977E0D07116CA23BBA91E272 /* Pods-PPSocketManagerTests.release.xcconfig */;
			buildSettings = {
				BUNDLE_LOADER = "$(TEST_HOST)";
				CODE_SIGN_STYLE = Automatic;
				DEVELOPMENT_TEAM = UP23SS576K;
				INFOPLIST_FILE = PPSocketManagerTests/Info.plist;
				LD_RUNPATH_SEARCH_PATHS = "$(inherited) @executable_path/Frameworks @loader_path/Frameworks";
				PRODUCT_BUNDLE_IDENTIFIER = HongpengYu.com.PPSocketManagerTests;
				PRODUCT_NAME = "$(TARGET_NAME)";
				TARGETED_DEVICE_FAMILY = "1,2";
				TEST_HOST = "$(BUILT_PRODUCTS_DIR)/PPSocketManager.app/PPSocketManager";
			};
			name = Release;
		};
		7A03B43C2008BECC00D4FDD5 /* Debug */ = {
			isa = XCBuildConfiguration;
			baseConfigurationReference = 653C7235D0D8A0585D8B4D2F /* Pods-PPSocketManagerUITests.debug.xcconfig */;
			buildSettings = {
				CODE_SIGN_STYLE = Automatic;
				DEVELOPMENT_TEAM = UP23SS576K;
				INFOPLIST_FILE = PPSocketManagerUITests/Info.plist;
				LD_RUNPATH_SEARCH_PATHS = "$(inherited) @executable_path/Frameworks @loader_path/Frameworks";
				PRODUCT_BUNDLE_IDENTIFIER = HongpengYu.com.PPSocketManagerUITests;
				PRODUCT_NAME = "$(TARGET_NAME)";
				TARGETED_DEVICE_FAMILY = "1,2";
				TEST_TARGET_NAME = PPSocketManager;
			};
			name = Debug;
		};
		7A03B43D2008BECC00D4FDD5 /* Release */ = {
			isa = XCBuildConfiguration;
			baseConfigurationReference = 9C7751F50C530444DAEDAE48 /* Pods-PPSocketManagerUITests.release.xcconfig */;
			buildSettings = {
				CODE_SIGN_STYLE = Automatic;
				DEVELOPMENT_TEAM = UP23SS576K;
				INFOPLIST_FILE = PPSocketManagerUITests/Info.plist;
				LD_RUNPATH_SEARCH_PATHS = "$(inherited) @executable_path/Frameworks @loader_path/Frameworks";
				PRODUCT_BUNDLE_IDENTIFIER = HongpengYu.com.PPSocketManagerUITests;
				PRODUCT_NAME = "$(TARGET_NAME)";
				TARGETED_DEVICE_FAMILY = "1,2";
				TEST_TARGET_NAME = PPSocketManager;
			};
			name = Release;
		};
/* End XCBuildConfiguration section */

/* Begin XCConfigurationList section */
		7A03B4042008BECB00D4FDD5 /* Build configuration list for PBXProject "PPSocketManager" */ = {
			isa = XCConfigurationList;
			buildConfigurations = (
				7A03B4332008BECC00D4FDD5 /* Debug */,
				7A03B4342008BECC00D4FDD5 /* Release */,
			);
			defaultConfigurationIsVisible = 0;
			defaultConfigurationName = Release;
		};
		7A03B4352008BECC00D4FDD5 /* Build configuration list for PBXNativeTarget "PPSocketManager" */ = {
			isa = XCConfigurationList;
			buildConfigurations = (
				7A03B4362008BECC00D4FDD5 /* Debug */,
				7A03B4372008BECC00D4FDD5 /* Release */,
			);
			defaultConfigurationIsVisible = 0;
			defaultConfigurationName = Release;
		};
		7A03B4382008BECC00D4FDD5 /* Build configuration list for PBXNativeTarget "PPSocketManagerTests" */ = {
			isa = XCConfigurationList;
			buildConfigurations = (
				7A03B4392008BECC00D4FDD5 /* Debug */,
				7A03B43A2008BECC00D4FDD5 /* Release */,
			);
			defaultConfigurationIsVisible = 0;
			defaultConfigurationName = Release;
		};
		7A03B43B2008BECC00D4FDD5 /* Build configuration list for PBXNativeTarget "PPSocketManagerUITests" */ = {
			isa = XCConfigurationList;
			buildConfigurations = (
				7A03B43C2008BECC00D4FDD5 /* Debug */,
				7A03B43D2008BECC00D4FDD5 /* Release */,
			);
			defaultConfigurationIsVisible = 0;
			defaultConfigurationName = Release;
		};
/* End XCConfigurationList section */
	};
	rootObject = 7A03B4012008BECB00D4FDD5 /* Project object */;
}
